# This file is automatically @generated by Cargo.
# It is not intended for manual editing.
version = 4

[[package]]
name = "tendril-capability-engine"
version = "0.5.0"

[[package]]
name = "tendril-orchestrator"
version = "0.5.0"
dependencies = [
 "tendril-capability-engine",
 "tendril-provisioning",
]

[[package]]
name = "tendril-provisioning"
version = "0.5.0"
dependencies = [
 "tendril-capability-engine",
]
